// !$*UTF8*$!
{
	archiveVersion = 1;
	classes = {
	};
	objectVersion = 54;
	objects = {

/* Begin PBXBuildFile section */
		00E356F31AD99517003FC87E /* cloveryProTests.m in Sources */ = {isa = PBXBuildFile; fileRef = 00E356F21AD99517003FC87E /* cloveryProTests.m */; };
		09DEF80B4EF141BB8564EA5D /* Gotham-Black.otf in Resources */ = {isa = PBXBuildFile; fileRef = 3C311DF4FDF94127899073EF /* Gotham-Black.otf */; };
		13B07FBC1A68108700A75B9A /* AppDelegate.m in Sources */ = {isa = PBXBuildFile; fileRef = 13B07FB01A68108700A75B9A /* AppDelegate.m */; };
		13B07FBF1A68108700A75B9A /* Images.xcassets in Resources */ = {isa = PBXBuildFile; fileRef = 13B07FB51A68108700A75B9A /* Images.xcassets */; };
		13B07FC11A68108700A75B9A /* main.m in Sources */ = {isa = PBXBuildFile; fileRef = 13B07FB71A68108700A75B9A /* main.m */; };
		1526E9A311FD4ABB96D571E7 /* Gotham-LightItalic.otf in Resources */ = {isa = PBXBuildFile; fileRef = 2FE8E52B70FE4D7C8C6B236B /* Gotham-LightItalic.otf */; };
		263F74CEBF3F49C690F6A466 /* Gotham-XLightItalic.otf in Resources */ = {isa = PBXBuildFile; fileRef = 197F374E761A4B159DFBB369 /* Gotham-XLightItalic.otf */; };
		29A2A04703254D4CAC3D8F36 /* GothamLight.ttf in Resources */ = {isa = PBXBuildFile; fileRef = 7492854CF2B441D88B62CA82 /* GothamLight.ttf */; };
		31942EDEEBD54AC78B838457 /* GothamBookItalic.ttf in Resources */ = {isa = PBXBuildFile; fileRef = E81948272C64401484A2A9E9 /* GothamBookItalic.ttf */; };
		3B9EC0B6B61D4BA3AB4E2FFA /* Gotham-Medium.otf in Resources */ = {isa = PBXBuildFile; fileRef = FB7E835A3A7D4D6AA267C681 /* Gotham-Medium.otf */; };
		44EF064088E041B7931863A6 /* Gotham-XLight.otf in Resources */ = {isa = PBXBuildFile; fileRef = F7C31C0A7EE6482481B8592E /* Gotham-XLight.otf */; };
		47CBA4076DF2427091A70884 /* Gotham-Book.otf in Resources */ = {isa = PBXBuildFile; fileRef = B76408931A0D4C529B48C0CC /* Gotham-Book.otf */; };
		482CAFC7993646B89CC6179A /* Gotham-BoldItalic.otf in Resources */ = {isa = PBXBuildFile; fileRef = A42F99591F5440FA869907C6 /* Gotham-BoldItalic.otf */; };
		52C80B2D268746EC006D0C6D /* GoogleService-Info.plist in Resources */ = {isa = PBXBuildFile; fileRef = 52C80B2C268746EB006D0C6D /* GoogleService-Info.plist */; };
		56247A3B17974767A239BE31 /* Gotham-Thin.otf in Resources */ = {isa = PBXBuildFile; fileRef = F117397426BD4B7F9DE761FD /* Gotham-Thin.otf */; };
		81AB9BB82411601600AC10FF /* LaunchScreen.storyboard in Resources */ = {isa = PBXBuildFile; fileRef = 81AB9BB72411601600AC10FF /* LaunchScreen.storyboard */; };
		841AA4CE31B9738BE13F4ABA /* libPods-cloveryPro.a in Frameworks */ = {isa = PBXBuildFile; fileRef = 900A5FDAACFFF03CCC3B6DA8 /* libPods-cloveryPro.a */; };
		87E9C51FFF0D450BB5C214FD /* Gotham-BlackItalic.otf in Resources */ = {isa = PBXBuildFile; fileRef = 3C90F87EA28D41958B38F669 /* Gotham-BlackItalic.otf */; };
		8F0F151F9C4B41D595F0AEDB /* GothamBold.ttf in Resources */ = {isa = PBXBuildFile; fileRef = D9219BCBD86D49CC90AB5601 /* GothamBold.ttf */; };
		93E3D8A48385496BB4AFFC03 /* GothamMediumItalic.ttf in Resources */ = {isa = PBXBuildFile; fileRef = 6BFA7599884148319EBE2E22 /* GothamMediumItalic.ttf */; };
		97620C7969FE4F52A540FC14 /* Gotham-BookItalic.otf in Resources */ = {isa = PBXBuildFile; fileRef = EF28B33E56544723953E66C3 /* Gotham-BookItalic.otf */; };
		B05840362F0D5AABBC57345D /* libPods-cloveryPro-cloveryProTests.a in Frameworks */ = {isa = PBXBuildFile; fileRef = B519F22A6E4514CF00D01FE4 /* libPods-cloveryPro-cloveryProTests.a */; };
		B89746E8D99340D68C75FC40 /* Gotham-Light.otf in Resources */ = {isa = PBXBuildFile; fileRef = 193E8FF5D92F4477A9F60D08 /* Gotham-Light.otf */; };
		BC2768DCDC674E5CB9102115 /* GothamMedium_1.ttf in Resources */ = {isa = PBXBuildFile; fileRef = 8A779FB0053F4A799291BD45 /* GothamMedium_1.ttf */; };
		C6512F65EF434C378F2286D7 /* Gotham-UltraItalic.otf in Resources */ = {isa = PBXBuildFile; fileRef = 8BB27B4A5C9C4F91A6218DD1 /* Gotham-UltraItalic.otf */; };
		C7072AE40D034C1BA52026E9 /* GothamBoldItalic.ttf in Resources */ = {isa = PBXBuildFile; fileRef = 00A3AC07F60046AAAA0B2F83 /* GothamBoldItalic.ttf */; };
		D2667E91D61740E096347FB8 /* GothamBook.ttf in Resources */ = {isa = PBXBuildFile; fileRef = 220429ACADEE4A728F948DBC /* GothamBook.ttf */; };
		DD929340FC164EB6877C9320 /* GothamLightItalic.ttf in Resources */ = {isa = PBXBuildFile; fileRef = 7F35CE67E94C4DBBA1D65035 /* GothamLightItalic.ttf */; };
		F540FA09B7074C61AF4B8399 /* GothamMedium.ttf in Resources */ = {isa = PBXBuildFile; fileRef = 1FAA24D8601D455690181506 /* GothamMedium.ttf */; };
		FC106521821149588C7F0C62 /* Gotham-Bold.otf in Resources */ = {isa = PBXBuildFile; fileRef = 9DCCE42C70984E49B1268004 /* Gotham-Bold.otf */; };
		FE0EA15EEDD04594B37569DA /* Gotham-ThinItalic.otf in Resources */ = {isa = PBXBuildFile; fileRef = 4345AC88FA7C46478BE8B720 /* Gotham-ThinItalic.otf */; };
		FFD4EC3F246B49A9B6353659 /* Gotham-MediumItalic.otf in Resources */ = {isa = PBXBuildFile; fileRef = ACDC72A0A29748589EC930EF /* Gotham-MediumItalic.otf */; };
/* End PBXBuildFile section */

/* Begin PBXContainerItemProxy section */
		00E356F41AD99517003FC87E /* PBXContainerItemProxy */ = {
			isa = PBXContainerItemProxy;
			containerPortal = 83CBB9F71A601CBA00E9B192 /* Project object */;
			proxyType = 1;
			remoteGlobalIDString = 13B07F861A680F5B00A75B9A;
			remoteInfo = cloveryPro;
		};
/* End PBXContainerItemProxy section */

/* Begin PBXFileReference section */
		00A3AC07F60046AAAA0B2F83 /* GothamBoldItalic.ttf */ = {isa = PBXFileReference; explicitFileType = undefined; fileEncoding = 9; includeInIndex = 0; lastKnownFileType = unknown; name = GothamBoldItalic.ttf; path = ../src/assets/fonts/GothamBoldItalic.ttf; sourceTree = "<group>"; };
		00E356EE1AD99517003FC87E /* cloveryProTests.xctest */ = {isa = PBXFileReference; explicitFileType = wrapper.cfbundle; includeInIndex = 0; path = cloveryProTests.xctest; sourceTree = BUILT_PRODUCTS_DIR; };
		00E356F11AD99517003FC87E /* Info.plist */ = {isa = PBXFileReference; lastKnownFileType = text.plist.xml; path = Info.plist; sourceTree = "<group>"; };
		00E356F21AD99517003FC87E /* cloveryProTests.m */ = {isa = PBXFileReference; lastKnownFileType = sourcecode.c.objc; path = cloveryProTests.m; sourceTree = "<group>"; };
		13B07F961A680F5B00A75B9A /* cloveryPro.app */ = {isa = PBXFileReference; explicitFileType = wrapper.application; includeInIndex = 0; path = cloveryPro.app; sourceTree = BUILT_PRODUCTS_DIR; };
		13B07FAF1A68108700A75B9A /* AppDelegate.h */ = {isa = PBXFileReference; fileEncoding = 4; lastKnownFileType = sourcecode.c.h; name = AppDelegate.h; path = cloveryPro/AppDelegate.h; sourceTree = "<group>"; };
		13B07FB01A68108700A75B9A /* AppDelegate.m */ = {isa = PBXFileReference; fileEncoding = 4; lastKnownFileType = sourcecode.c.objc; name = AppDelegate.m; path = cloveryPro/AppDelegate.m; sourceTree = "<group>"; };
		13B07FB51A68108700A75B9A /* Images.xcassets */ = {isa = PBXFileReference; lastKnownFileType = folder.assetcatalog; name = Images.xcassets; path = cloveryPro/Images.xcassets; sourceTree = "<group>"; };
		13B07FB61A68108700A75B9A /* Info.plist */ = {isa = PBXFileReference; fileEncoding = 4; lastKnownFileType = text.plist.xml; name = Info.plist; path = cloveryPro/Info.plist; sourceTree = "<group>"; };
		13B07FB71A68108700A75B9A /* main.m */ = {isa = PBXFileReference; fileEncoding = 4; lastKnownFileType = sourcecode.c.objc; name = main.m; path = cloveryPro/main.m; sourceTree = "<group>"; };
		193E8FF5D92F4477A9F60D08 /* Gotham-Light.otf */ = {isa = PBXFileReference; explicitFileType = undefined; fileEncoding = 9; includeInIndex = 0; lastKnownFileType = unknown; name = "Gotham-Light.otf"; path = "../src/assets/fonts/Gotham-Light.otf"; sourceTree = "<group>"; };
		197F374E761A4B159DFBB369 /* Gotham-XLightItalic.otf */ = {isa = PBXFileReference; explicitFileType = undefined; fileEncoding = 9; includeInIndex = 0; lastKnownFileType = unknown; name = "Gotham-XLightItalic.otf"; path = "../src/assets/fonts/Gotham-XLightItalic.otf"; sourceTree = "<group>"; };
		1EF3428A9CFE7184E1CD4924 /* Pods-cloveryPro-cloveryProTests.release.xcconfig */ = {isa = PBXFileReference; includeInIndex = 1; lastKnownFileType = text.xcconfig; name = "Pods-cloveryPro-cloveryProTests.release.xcconfig"; path = "Target Support Files/Pods-cloveryPro-cloveryProTests/Pods-cloveryPro-cloveryProTests.release.xcconfig"; sourceTree = "<group>"; };
		1FAA24D8601D455690181506 /* GothamMedium.ttf */ = {isa = PBXFileReference; explicitFileType = undefined; fileEncoding = 9; includeInIndex = 0; lastKnownFileType = unknown; name = GothamMedium.ttf; path = ../src/assets/fonts/GothamMedium.ttf; sourceTree = "<group>"; };
		220429ACADEE4A728F948DBC /* GothamBook.ttf */ = {isa = PBXFileReference; explicitFileType = undefined; fileEncoding = 9; includeInIndex = 0; lastKnownFileType = unknown; name = GothamBook.ttf; path = ../src/assets/fonts/GothamBook.ttf; sourceTree = "<group>"; };
		2FE8E52B70FE4D7C8C6B236B /* Gotham-LightItalic.otf */ = {isa = PBXFileReference; explicitFileType = undefined; fileEncoding = 9; includeInIndex = 0; lastKnownFileType = unknown; name = "Gotham-LightItalic.otf"; path = "../src/assets/fonts/Gotham-LightItalic.otf"; sourceTree = "<group>"; };
		3C311DF4FDF94127899073EF /* Gotham-Black.otf */ = {isa = PBXFileReference; explicitFileType = undefined; fileEncoding = 9; includeInIndex = 0; lastKnownFileType = unknown; name = "Gotham-Black.otf"; path = "../src/assets/fonts/Gotham-Black.otf"; sourceTree = "<group>"; };
		3C90F87EA28D41958B38F669 /* Gotham-BlackItalic.otf */ = {isa = PBXFileReference; explicitFileType = undefined; fileEncoding = 9; includeInIndex = 0; lastKnownFileType = unknown; name = "Gotham-BlackItalic.otf"; path = "../src/assets/fonts/Gotham-BlackItalic.otf"; sourceTree = "<group>"; };
		4345AC88FA7C46478BE8B720 /* Gotham-ThinItalic.otf */ = {isa = PBXFileReference; explicitFileType = undefined; fileEncoding = 9; includeInIndex = 0; lastKnownFileType = unknown; name = "Gotham-ThinItalic.otf"; path = "../src/assets/fonts/Gotham-ThinItalic.otf"; sourceTree = "<group>"; };
		4FFAC7466866E6A74BC76B03 /* Pods-cloveryPro.release.xcconfig */ = {isa = PBXFileReference; includeInIndex = 1; lastKnownFileType = text.xcconfig; name = "Pods-cloveryPro.release.xcconfig"; path = "Target Support Files/Pods-cloveryPro/Pods-cloveryPro.release.xcconfig"; sourceTree = "<group>"; };
		52C80B2C268746EB006D0C6D /* GoogleService-Info.plist */ = {isa = PBXFileReference; fileEncoding = 4; lastKnownFileType = text.plist.xml; path = "GoogleService-Info.plist"; sourceTree = "<group>"; };
		5B9ABB1B70C948B7A7B7A26D /* Foundation.ttf */ = {isa = PBXFileReference; explicitFileType = undefined; fileEncoding = 9; includeInIndex = 0; lastKnownFileType = unknown; name = Foundation.ttf; path = "../node_modules/react-native-vector-icons/Fonts/Foundation.ttf"; sourceTree = "<group>"; };
		5ECF541702244978BB055A30 /* Zocial.ttf */ = {isa = PBXFileReference; explicitFileType = undefined; fileEncoding = 9; includeInIndex = 0; lastKnownFileType = unknown; name = Zocial.ttf; path = "../node_modules/react-native-vector-icons/Fonts/Zocial.ttf"; sourceTree = "<group>"; };
		6BFA7599884148319EBE2E22 /* GothamMediumItalic.ttf */ = {isa = PBXFileReference; explicitFileType = undefined; fileEncoding = 9; includeInIndex = 0; lastKnownFileType = unknown; name = GothamMediumItalic.ttf; path = ../src/assets/fonts/GothamMediumItalic.ttf; sourceTree = "<group>"; };
		71548944086F450DA24EF57A /* Octicons.ttf */ = {isa = PBXFileReference; explicitFileType = undefined; fileEncoding = 9; includeInIndex = 0; lastKnownFileType = unknown; name = Octicons.ttf; path = "../node_modules/react-native-vector-icons/Fonts/Octicons.ttf"; sourceTree = "<group>"; };
		73310FCBA1C547DF98E1F118 /* FontAwesome.ttf */ = {isa = PBXFileReference; explicitFileType = undefined; fileEncoding = 9; includeInIndex = 0; lastKnownFileType = unknown; name = FontAwesome.ttf; path = "../node_modules/react-native-vector-icons/Fonts/FontAwesome.ttf"; sourceTree = "<group>"; };
		7492854CF2B441D88B62CA82 /* GothamLight.ttf */ = {isa = PBXFileReference; explicitFileType = undefined; fileEncoding = 9; includeInIndex = 0; lastKnownFileType = unknown; name = GothamLight.ttf; path = ../src/assets/fonts/GothamLight.ttf; sourceTree = "<group>"; };
		7CCCAD08E1524F4DB760CB8F /* EvilIcons.ttf */ = {isa = PBXFileReference; explicitFileType = undefined; fileEncoding = 9; includeInIndex = 0; lastKnownFileType = unknown; name = EvilIcons.ttf; path = "../node_modules/react-native-vector-icons/Fonts/EvilIcons.ttf"; sourceTree = "<group>"; };
		7F35CE67E94C4DBBA1D65035 /* GothamLightItalic.ttf */ = {isa = PBXFileReference; explicitFileType = undefined; fileEncoding = 9; includeInIndex = 0; lastKnownFileType = unknown; name = GothamLightItalic.ttf; path = ../src/assets/fonts/GothamLightItalic.ttf; sourceTree = "<group>"; };
		80A7046438164E75B5FB7856 /* Entypo.ttf */ = {isa = PBXFileReference; explicitFileType = undefined; fileEncoding = 9; includeInIndex = 0; lastKnownFileType = unknown; name = Entypo.ttf; path = "../node_modules/react-native-vector-icons/Fonts/Entypo.ttf"; sourceTree = "<group>"; };
		8193EF2CC8464BDBB44B9444 /* Feather.ttf */ = {isa = PBXFileReference; explicitFileType = undefined; fileEncoding = 9; includeInIndex = 0; lastKnownFileType = unknown; name = Feather.ttf; path = "../node_modules/react-native-vector-icons/Fonts/Feather.ttf"; sourceTree = "<group>"; };
		81AB9BB72411601600AC10FF /* LaunchScreen.storyboard */ = {isa = PBXFileReference; fileEncoding = 4; lastKnownFileType = file.storyboard; name = LaunchScreen.storyboard; path = cloveryPro/LaunchScreen.storyboard; sourceTree = "<group>"; };
		8A779FB0053F4A799291BD45 /* GothamMedium_1.ttf */ = {isa = PBXFileReference; explicitFileType = undefined; fileEncoding = 9; includeInIndex = 0; lastKnownFileType = unknown; name = GothamMedium_1.ttf; path = ../src/assets/fonts/GothamMedium_1.ttf; sourceTree = "<group>"; };
		8BB27B4A5C9C4F91A6218DD1 /* Gotham-UltraItalic.otf */ = {isa = PBXFileReference; explicitFileType = undefined; fileEncoding = 9; includeInIndex = 0; lastKnownFileType = unknown; name = "Gotham-UltraItalic.otf"; path = "../src/assets/fonts/Gotham-UltraItalic.otf"; sourceTree = "<group>"; };
		900A5FDAACFFF03CCC3B6DA8 /* libPods-cloveryPro.a */ = {isa = PBXFileReference; explicitFileType = archive.ar; includeInIndex = 0; path = "libPods-cloveryPro.a"; sourceTree = BUILT_PRODUCTS_DIR; };
		94BE50ADE14946D5A2FF8F6F /* Ionicons.ttf */ = {isa = PBXFileReference; explicitFileType = undefined; fileEncoding = 9; includeInIndex = 0; lastKnownFileType = unknown; name = Ionicons.ttf; path = "../node_modules/react-native-vector-icons/Fonts/Ionicons.ttf"; sourceTree = "<group>"; };
		998917AD556F4F555893889A /* Pods-cloveryPro-cloveryProTests.debug.xcconfig */ = {isa = PBXFileReference; includeInIndex = 1; lastKnownFileType = text.xcconfig; name = "Pods-cloveryPro-cloveryProTests.debug.xcconfig"; path = "Target Support Files/Pods-cloveryPro-cloveryProTests/Pods-cloveryPro-cloveryProTests.debug.xcconfig"; sourceTree = "<group>"; };
		9C813668004341B4A112CA0D /* AntDesign.ttf */ = {isa = PBXFileReference; explicitFileType = undefined; fileEncoding = 9; includeInIndex = 0; lastKnownFileType = unknown; name = AntDesign.ttf; path = "../node_modules/react-native-vector-icons/Fonts/AntDesign.ttf"; sourceTree = "<group>"; };
		9C94259B914B4FA58EEF2F92 /* MaterialCommunityIcons.ttf */ = {isa = PBXFileReference; explicitFileType = undefined; fileEncoding = 9; includeInIndex = 0; lastKnownFileType = unknown; name = MaterialCommunityIcons.ttf; path = "../node_modules/react-native-vector-icons/Fonts/MaterialCommunityIcons.ttf"; sourceTree = "<group>"; };
		9DCCE42C70984E49B1268004 /* Gotham-Bold.otf */ = {isa = PBXFileReference; explicitFileType = undefined; fileEncoding = 9; includeInIndex = 0; lastKnownFileType = unknown; name = "Gotham-Bold.otf"; path = "../src/assets/fonts/Gotham-Bold.otf"; sourceTree = "<group>"; };
		A42F99591F5440FA869907C6 /* Gotham-BoldItalic.otf */ = {isa = PBXFileReference; explicitFileType = undefined; fileEncoding = 9; includeInIndex = 0; lastKnownFileType = unknown; name = "Gotham-BoldItalic.otf"; path = "../src/assets/fonts/Gotham-BoldItalic.otf"; sourceTree = "<group>"; };
		ACDC72A0A29748589EC930EF /* Gotham-MediumItalic.otf */ = {isa = PBXFileReference; explicitFileType = undefined; fileEncoding = 9; includeInIndex = 0; lastKnownFileType = unknown; name = "Gotham-MediumItalic.otf"; path = "../src/assets/fonts/Gotham-MediumItalic.otf"; sourceTree = "<group>"; };
		B519F22A6E4514CF00D01FE4 /* libPods-cloveryPro-cloveryProTests.a */ = {isa = PBXFileReference; explicitFileType = archive.ar; includeInIndex = 0; path = "libPods-cloveryPro-cloveryProTests.a"; sourceTree = BUILT_PRODUCTS_DIR; };
		B76408931A0D4C529B48C0CC /* Gotham-Book.otf */ = {isa = PBXFileReference; explicitFileType = undefined; fileEncoding = 9; includeInIndex = 0; lastKnownFileType = unknown; name = "Gotham-Book.otf"; path = "../src/assets/fonts/Gotham-Book.otf"; sourceTree = "<group>"; };
		C41F3E9033C1491ABDD5053C /* FontAwesome5_Brands.ttf */ = {isa = PBXFileReference; explicitFileType = undefined; fileEncoding = 9; includeInIndex = 0; lastKnownFileType = unknown; name = FontAwesome5_Brands.ttf; path = "../node_modules/react-native-vector-icons/Fonts/FontAwesome5_Brands.ttf"; sourceTree = "<group>"; };
		C5C31A4AA7314B4E9D8CAE64 /* SimpleLineIcons.ttf */ = {isa = PBXFileReference; explicitFileType = undefined; fileEncoding = 9; includeInIndex = 0; lastKnownFileType = unknown; name = SimpleLineIcons.ttf; path = "../node_modules/react-native-vector-icons/Fonts/SimpleLineIcons.ttf"; sourceTree = "<group>"; };
		C6C1DF7281C5406A9D742CC5 /* MaterialIcons.ttf */ = {isa = PBXFileReference; explicitFileType = undefined; fileEncoding = 9; includeInIndex = 0; lastKnownFileType = unknown; name = MaterialIcons.ttf; path = "../node_modules/react-native-vector-icons/Fonts/MaterialIcons.ttf"; sourceTree = "<group>"; };
		D9219BCBD86D49CC90AB5601 /* GothamBold.ttf */ = {isa = PBXFileReference; explicitFileType = undefined; fileEncoding = 9; includeInIndex = 0; lastKnownFileType = unknown; name = GothamBold.ttf; path = ../src/assets/fonts/GothamBold.ttf; sourceTree = "<group>"; };
		DF405CC614F56235AB5E949C /* Pods-cloveryPro.debug.xcconfig */ = {isa = PBXFileReference; includeInIndex = 1; lastKnownFileType = text.xcconfig; name = "Pods-cloveryPro.debug.xcconfig"; path = "Target Support Files/Pods-cloveryPro/Pods-cloveryPro.debug.xcconfig"; sourceTree = "<group>"; };
		E49B09F6B28B4A7EBC4BF7FD /* FontAwesome5_Solid.ttf */ = {isa = PBXFileReference; explicitFileType = undefined; fileEncoding = 9; includeInIndex = 0; lastKnownFileType = unknown; name = FontAwesome5_Solid.ttf; path = "../node_modules/react-native-vector-icons/Fonts/FontAwesome5_Solid.ttf"; sourceTree = "<group>"; };
		E81948272C64401484A2A9E9 /* GothamBookItalic.ttf */ = {isa = PBXFileReference; explicitFileType = undefined; fileEncoding = 9; includeInIndex = 0; lastKnownFileType = unknown; name = GothamBookItalic.ttf; path = ../src/assets/fonts/GothamBookItalic.ttf; sourceTree = "<group>"; };
		ED297162215061F000B7C4FE /* JavaScriptCore.framework */ = {isa = PBXFileReference; lastKnownFileType = wrapper.framework; name = JavaScriptCore.framework; path = System/Library/Frameworks/JavaScriptCore.framework; sourceTree = SDKROOT; };
		EDB029003A1F41A5B615C4FE /* FontAwesome5_Regular.ttf */ = {isa = PBXFileReference; explicitFileType = undefined; fileEncoding = 9; includeInIndex = 0; lastKnownFileType = unknown; name = FontAwesome5_Regular.ttf; path = "../node_modules/react-native-vector-icons/Fonts/FontAwesome5_Regular.ttf"; sourceTree = "<group>"; };
		EF28B33E56544723953E66C3 /* Gotham-BookItalic.otf */ = {isa = PBXFileReference; explicitFileType = undefined; fileEncoding = 9; includeInIndex = 0; lastKnownFileType = unknown; name = "Gotham-BookItalic.otf"; path = "../src/assets/fonts/Gotham-BookItalic.otf"; sourceTree = "<group>"; };
		F117397426BD4B7F9DE761FD /* Gotham-Thin.otf */ = {isa = PBXFileReference; explicitFileType = undefined; fileEncoding = 9; includeInIndex = 0; lastKnownFileType = unknown; name = "Gotham-Thin.otf"; path = "../src/assets/fonts/Gotham-Thin.otf"; sourceTree = "<group>"; };
		F4C17883B9CE46B4BF169CC6 /* Fontisto.ttf */ = {isa = PBXFileReference; explicitFileType = undefined; fileEncoding = 9; includeInIndex = 0; lastKnownFileType = unknown; name = Fontisto.ttf; path = "../node_modules/react-native-vector-icons/Fonts/Fontisto.ttf"; sourceTree = "<group>"; };
		F7C31C0A7EE6482481B8592E /* Gotham-XLight.otf */ = {isa = PBXFileReference; explicitFileType = undefined; fileEncoding = 9; includeInIndex = 0; lastKnownFileType = unknown; name = "Gotham-XLight.otf"; path = "../src/assets/fonts/Gotham-XLight.otf"; sourceTree = "<group>"; };
		FB7E835A3A7D4D6AA267C681 /* Gotham-Medium.otf */ = {isa = PBXFileReference; explicitFileType = undefined; fileEncoding = 9; includeInIndex = 0; lastKnownFileType = unknown; name = "Gotham-Medium.otf"; path = "../src/assets/fonts/Gotham-Medium.otf"; sourceTree = "<group>"; };
/* End PBXFileReference section */

/* Begin PBXFrameworksBuildPhase section */
		00E356EB1AD99517003FC87E /* Frameworks */ = {
			isa = PBXFrameworksBuildPhase;
			buildActionMask = 2147483647;
			files = (
				B05840362F0D5AABBC57345D /* libPods-cloveryPro-cloveryProTests.a in Frameworks */,
			);
			runOnlyForDeploymentPostprocessing = 0;
		};
		13B07F8C1A680F5B00A75B9A /* Frameworks */ = {
			isa = PBXFrameworksBuildPhase;
			buildActionMask = 2147483647;
			files = (
				841AA4CE31B9738BE13F4ABA /* libPods-cloveryPro.a in Frameworks */,
			);
			runOnlyForDeploymentPostprocessing = 0;
		};
/* End PBXFrameworksBuildPhase section */

/* Begin PBXGroup section */
		00E356EF1AD99517003FC87E /* cloveryProTests */ = {
			isa = PBXGroup;
			children = (
				00E356F21AD99517003FC87E /* cloveryProTests.m */,
				00E356F01AD99517003FC87E /* Supporting Files */,
			);
			path = cloveryProTests;
			sourceTree = "<group>";
		};
		00E356F01AD99517003FC87E /* Supporting Files */ = {
			isa = PBXGroup;
			children = (
				00E356F11AD99517003FC87E /* Info.plist */,
			);
			name = "Supporting Files";
			sourceTree = "<group>";
		};
		012ABF0C2F44B554A4774D00 /* Pods */ = {
			isa = PBXGroup;
			children = (
				DF405CC614F56235AB5E949C /* Pods-cloveryPro.debug.xcconfig */,
				4FFAC7466866E6A74BC76B03 /* Pods-cloveryPro.release.xcconfig */,
				998917AD556F4F555893889A /* Pods-cloveryPro-cloveryProTests.debug.xcconfig */,
				1EF3428A9CFE7184E1CD4924 /* Pods-cloveryPro-cloveryProTests.release.xcconfig */,
			);
			path = Pods;
			sourceTree = "<group>";
		};
		13B07FAE1A68108700A75B9A /* cloveryPro */ = {
			isa = PBXGroup;
			children = (
				52C80B2C268746EB006D0C6D /* GoogleService-Info.plist */,
				13B07FAF1A68108700A75B9A /* AppDelegate.h */,
				13B07FB01A68108700A75B9A /* AppDelegate.m */,
				13B07FB51A68108700A75B9A /* Images.xcassets */,
				13B07FB61A68108700A75B9A /* Info.plist */,
				81AB9BB72411601600AC10FF /* LaunchScreen.storyboard */,
				13B07FB71A68108700A75B9A /* main.m */,
			);
			name = cloveryPro;
			sourceTree = "<group>";
		};
		2D16E6871FA4F8E400B85C8A /* Frameworks */ = {
			isa = PBXGroup;
			children = (
				ED297162215061F000B7C4FE /* JavaScriptCore.framework */,
				900A5FDAACFFF03CCC3B6DA8 /* libPods-cloveryPro.a */,
				B519F22A6E4514CF00D01FE4 /* libPods-cloveryPro-cloveryProTests.a */,
			);
			name = Frameworks;
			sourceTree = "<group>";
		};
		832341AE1AAA6A7D00B99B32 /* Libraries */ = {
			isa = PBXGroup;
			children = (
			);
			name = Libraries;
			sourceTree = "<group>";
		};
		83CBB9F61A601CBA00E9B192 = {
			isa = PBXGroup;
			children = (
				13B07FAE1A68108700A75B9A /* cloveryPro */,
				832341AE1AAA6A7D00B99B32 /* Libraries */,
				00E356EF1AD99517003FC87E /* cloveryProTests */,
				83CBBA001A601CBA00E9B192 /* Products */,
				2D16E6871FA4F8E400B85C8A /* Frameworks */,
				012ABF0C2F44B554A4774D00 /* Pods */,
				D4F8F96DA4D54F6B943DC85B /* Resources */,
			);
			indentWidth = 2;
			sourceTree = "<group>";
			tabWidth = 2;
			usesTabs = 0;
		};
		83CBBA001A601CBA00E9B192 /* Products */ = {
			isa = PBXGroup;
			children = (
				13B07F961A680F5B00A75B9A /* cloveryPro.app */,
				00E356EE1AD99517003FC87E /* cloveryProTests.xctest */,
			);
			name = Products;
			sourceTree = "<group>";
		};
		D4F8F96DA4D54F6B943DC85B /* Resources */ = {
			isa = PBXGroup;
			children = (
				3C311DF4FDF94127899073EF /* Gotham-Black.otf */,
				3C90F87EA28D41958B38F669 /* Gotham-BlackItalic.otf */,
				9DCCE42C70984E49B1268004 /* Gotham-Bold.otf */,
				A42F99591F5440FA869907C6 /* Gotham-BoldItalic.otf */,
				B76408931A0D4C529B48C0CC /* Gotham-Book.otf */,
				EF28B33E56544723953E66C3 /* Gotham-BookItalic.otf */,
				193E8FF5D92F4477A9F60D08 /* Gotham-Light.otf */,
				2FE8E52B70FE4D7C8C6B236B /* Gotham-LightItalic.otf */,
				FB7E835A3A7D4D6AA267C681 /* Gotham-Medium.otf */,
				ACDC72A0A29748589EC930EF /* Gotham-MediumItalic.otf */,
				F117397426BD4B7F9DE761FD /* Gotham-Thin.otf */,
				4345AC88FA7C46478BE8B720 /* Gotham-ThinItalic.otf */,
				8BB27B4A5C9C4F91A6218DD1 /* Gotham-UltraItalic.otf */,
				F7C31C0A7EE6482481B8592E /* Gotham-XLight.otf */,
				197F374E761A4B159DFBB369 /* Gotham-XLightItalic.otf */,
				D9219BCBD86D49CC90AB5601 /* GothamBold.ttf */,
				00A3AC07F60046AAAA0B2F83 /* GothamBoldItalic.ttf */,
				220429ACADEE4A728F948DBC /* GothamBook.ttf */,
				E81948272C64401484A2A9E9 /* GothamBookItalic.ttf */,
				7492854CF2B441D88B62CA82 /* GothamLight.ttf */,
				7F35CE67E94C4DBBA1D65035 /* GothamLightItalic.ttf */,
				8A779FB0053F4A799291BD45 /* GothamMedium_1.ttf */,
				1FAA24D8601D455690181506 /* GothamMedium.ttf */,
				6BFA7599884148319EBE2E22 /* GothamMediumItalic.ttf */,
				9C813668004341B4A112CA0D /* AntDesign.ttf */,
				80A7046438164E75B5FB7856 /* Entypo.ttf */,
				7CCCAD08E1524F4DB760CB8F /* EvilIcons.ttf */,
				8193EF2CC8464BDBB44B9444 /* Feather.ttf */,
				73310FCBA1C547DF98E1F118 /* FontAwesome.ttf */,
				C41F3E9033C1491ABDD5053C /* FontAwesome5_Brands.ttf */,
				EDB029003A1F41A5B615C4FE /* FontAwesome5_Regular.ttf */,
				E49B09F6B28B4A7EBC4BF7FD /* FontAwesome5_Solid.ttf */,
				F4C17883B9CE46B4BF169CC6 /* Fontisto.ttf */,
				5B9ABB1B70C948B7A7B7A26D /* Foundation.ttf */,
				94BE50ADE14946D5A2FF8F6F /* Ionicons.ttf */,
				9C94259B914B4FA58EEF2F92 /* MaterialCommunityIcons.ttf */,
				C6C1DF7281C5406A9D742CC5 /* MaterialIcons.ttf */,
				71548944086F450DA24EF57A /* Octicons.ttf */,
				C5C31A4AA7314B4E9D8CAE64 /* SimpleLineIcons.ttf */,
				5ECF541702244978BB055A30 /* Zocial.ttf */,
			);
			name = Resources;
			sourceTree = "<group>";
		};
/* End PBXGroup section */

/* Begin PBXNativeTarget section */
		00E356ED1AD99517003FC87E /* cloveryProTests */ = {
			isa = PBXNativeTarget;
			buildConfigurationList = 00E357021AD99517003FC87E /* Build configuration list for PBXNativeTarget "cloveryProTests" */;
			buildPhases = (
				CB60543CF9F49F21D6388376 /* [CP] Check Pods Manifest.lock */,
				00E356EA1AD99517003FC87E /* Sources */,
				00E356EB1AD99517003FC87E /* Frameworks */,
				00E356EC1AD99517003FC87E /* Resources */,
				869081C3B1628C7B012DE3C4 /* [CP] Embed Pods Frameworks */,
				619535FA1579124283D8AB27 /* [CP] Copy Pods Resources */,
			);
			buildRules = (
			);
			dependencies = (
				00E356F51AD99517003FC87E /* PBXTargetDependency */,
			);
			name = cloveryProTests;
			productName = cloveryProTests;
			productReference = 00E356EE1AD99517003FC87E /* cloveryProTests.xctest */;
			productType = "com.apple.product-type.bundle.unit-test";
		};
		13B07F861A680F5B00A75B9A /* cloveryPro */ = {
			isa = PBXNativeTarget;
			buildConfigurationList = 13B07F931A680F5B00A75B9A /* Build configuration list for PBXNativeTarget "cloveryPro" */;
			buildPhases = (
				16F9E3AF3D740C77399346C2 /* [CP] Check Pods Manifest.lock */,
				FD10A7F022414F080027D42C /* Start Packager */,
				13B07F871A680F5B00A75B9A /* Sources */,
				13B07F8C1A680F5B00A75B9A /* Frameworks */,
				13B07F8E1A680F5B00A75B9A /* Resources */,
				00DD1BFF1BD5951E006B06BC /* Bundle React Native code and images */,
				06FFB3498A21CB05AC96A2E0 /* [CP] Embed Pods Frameworks */,
				9C7DD3C1FA116223FEB900F6 /* [CP] Copy Pods Resources */,
				8D0BFD8938C04AEABEE39643 /* [CP-User] [RNFB] Core Configuration */,
			);
			buildRules = (
			);
			dependencies = (
			);
			name = cloveryPro;
			productName = cloveryPro;
			productReference = 13B07F961A680F5B00A75B9A /* cloveryPro.app */;
			productType = "com.apple.product-type.application";
		};
/* End PBXNativeTarget section */

/* Begin PBXProject section */
		83CBB9F71A601CBA00E9B192 /* Project object */ = {
			isa = PBXProject;
			attributes = {
				LastUpgradeCheck = 1210;
				TargetAttributes = {
					00E356ED1AD99517003FC87E = {
						CreatedOnToolsVersion = 6.2;
						TestTargetID = 13B07F861A680F5B00A75B9A;
					};
					13B07F861A680F5B00A75B9A = {
						LastSwiftMigration = 1120;
					};
				};
			};
			buildConfigurationList = 83CBB9FA1A601CBA00E9B192 /* Build configuration list for PBXProject "cloveryPro" */;
			compatibilityVersion = "Xcode 12.0";
			developmentRegion = en;
			hasScannedForEncodings = 0;
			knownRegions = (
				en,
				Base,
			);
			mainGroup = 83CBB9F61A601CBA00E9B192;
			productRefGroup = 83CBBA001A601CBA00E9B192 /* Products */;
			projectDirPath = "";
			projectRoot = "";
			targets = (
				13B07F861A680F5B00A75B9A /* cloveryPro */,
				00E356ED1AD99517003FC87E /* cloveryProTests */,
			);
		};
/* End PBXProject section */

/* Begin PBXResourcesBuildPhase section */
		00E356EC1AD99517003FC87E /* Resources */ = {
			isa = PBXResourcesBuildPhase;
			buildActionMask = 2147483647;
			files = (
			);
			runOnlyForDeploymentPostprocessing = 0;
		};
		13B07F8E1A680F5B00A75B9A /* Resources */ = {
			isa = PBXResourcesBuildPhase;
			buildActionMask = 2147483647;
			files = (
				81AB9BB82411601600AC10FF /* LaunchScreen.storyboard in Resources */,
				13B07FBF1A68108700A75B9A /* Images.xcassets in Resources */,
				09DEF80B4EF141BB8564EA5D /* Gotham-Black.otf in Resources */,
				87E9C51FFF0D450BB5C214FD /* Gotham-BlackItalic.otf in Resources */,
				FC106521821149588C7F0C62 /* Gotham-Bold.otf in Resources */,
				482CAFC7993646B89CC6179A /* Gotham-BoldItalic.otf in Resources */,
				47CBA4076DF2427091A70884 /* Gotham-Book.otf in Resources */,
				97620C7969FE4F52A540FC14 /* Gotham-BookItalic.otf in Resources */,
				B89746E8D99340D68C75FC40 /* Gotham-Light.otf in Resources */,
				1526E9A311FD4ABB96D571E7 /* Gotham-LightItalic.otf in Resources */,
				3B9EC0B6B61D4BA3AB4E2FFA /* Gotham-Medium.otf in Resources */,
				52C80B2D268746EC006D0C6D /* GoogleService-Info.plist in Resources */,
				FFD4EC3F246B49A9B6353659 /* Gotham-MediumItalic.otf in Resources */,
				56247A3B17974767A239BE31 /* Gotham-Thin.otf in Resources */,
				FE0EA15EEDD04594B37569DA /* Gotham-ThinItalic.otf in Resources */,
				C6512F65EF434C378F2286D7 /* Gotham-UltraItalic.otf in Resources */,
				44EF064088E041B7931863A6 /* Gotham-XLight.otf in Resources */,
				263F74CEBF3F49C690F6A466 /* Gotham-XLightItalic.otf in Resources */,
				8F0F151F9C4B41D595F0AEDB /* GothamBold.ttf in Resources */,
				C7072AE40D034C1BA52026E9 /* GothamBoldItalic.ttf in Resources */,
				D2667E91D61740E096347FB8 /* GothamBook.ttf in Resources */,
				31942EDEEBD54AC78B838457 /* GothamBookItalic.ttf in Resources */,
				29A2A04703254D4CAC3D8F36 /* GothamLight.ttf in Resources */,
				DD929340FC164EB6877C9320 /* GothamLightItalic.ttf in Resources */,
				BC2768DCDC674E5CB9102115 /* GothamMedium_1.ttf in Resources */,
				F540FA09B7074C61AF4B8399 /* GothamMedium.ttf in Resources */,
				93E3D8A48385496BB4AFFC03 /* GothamMediumItalic.ttf in Resources */,
			);
			runOnlyForDeploymentPostprocessing = 0;
		};
/* End PBXResourcesBuildPhase section */

/* Begin PBXShellScriptBuildPhase section */
		00DD1BFF1BD5951E006B06BC /* Bundle React Native code and images */ = {
			isa = PBXShellScriptBuildPhase;
			buildActionMask = 2147483647;
			files = (
			);
			inputPaths = (
			);
			name = "Bundle React Native code and images";
			outputPaths = (
			);
			runOnlyForDeploymentPostprocessing = 0;
			shellPath = /bin/sh;
			shellScript = "set -e\n\nexport NODE_BINARY=node\n../node_modules/react-native/scripts/react-native-xcode.sh\n";
		};
		06FFB3498A21CB05AC96A2E0 /* [CP] Embed Pods Frameworks */ = {
			isa = PBXShellScriptBuildPhase;
			buildActionMask = 2147483647;
			files = (
			);
			inputFileListPaths = (
				"${PODS_ROOT}/Target Support Files/Pods-cloveryPro/Pods-cloveryPro-frameworks-${CONFIGURATION}-input-files.xcfilelist",
			);
			name = "[CP] Embed Pods Frameworks";
			outputFileListPaths = (
				"${PODS_ROOT}/Target Support Files/Pods-cloveryPro/Pods-cloveryPro-frameworks-${CONFIGURATION}-output-files.xcfilelist",
			);
			runOnlyForDeploymentPostprocessing = 0;
			shellPath = /bin/sh;
			shellScript = "\"${PODS_ROOT}/Target Support Files/Pods-cloveryPro/Pods-cloveryPro-frameworks.sh\"\n";
			showEnvVarsInLog = 0;
		};
		16F9E3AF3D740C77399346C2 /* [CP] Check Pods Manifest.lock */ = {
			isa = PBXShellScriptBuildPhase;
			buildActionMask = 2147483647;
			files = (
			);
			inputFileListPaths = (
			);
			inputPaths = (
				"${PODS_PODFILE_DIR_PATH}/Podfile.lock",
				"${PODS_ROOT}/Manifest.lock",
			);
			name = "[CP] Check Pods Manifest.lock";
			outputFileListPaths = (
			);
			outputPaths = (
				"$(DERIVED_FILE_DIR)/Pods-cloveryPro-checkManifestLockResult.txt",
			);
			runOnlyForDeploymentPostprocessing = 0;
			shellPath = /bin/sh;
			shellScript = "diff \"${PODS_PODFILE_DIR_PATH}/Podfile.lock\" \"${PODS_ROOT}/Manifest.lock\" > /dev/null\nif [ $? != 0 ] ; then\n    # print error to STDERR\n    echo \"error: The sandbox is not in sync with the Podfile.lock. Run 'pod install' or update your CocoaPods installation.\" >&2\n    exit 1\nfi\n# This output is used by Xcode 'outputs' to avoid re-running this script phase.\necho \"SUCCESS\" > \"${SCRIPT_OUTPUT_FILE_0}\"\n";
			showEnvVarsInLog = 0;
		};
		619535FA1579124283D8AB27 /* [CP] Copy Pods Resources */ = {
			isa = PBXShellScriptBuildPhase;
			buildActionMask = 2147483647;
			files = (
			);
			inputFileListPaths = (
				"${PODS_ROOT}/Target Support Files/Pods-cloveryPro-cloveryProTests/Pods-cloveryPro-cloveryProTests-resources-${CONFIGURATION}-input-files.xcfilelist",
			);
			name = "[CP] Copy Pods Resources";
			outputFileListPaths = (
				"${PODS_ROOT}/Target Support Files/Pods-cloveryPro-cloveryProTests/Pods-cloveryPro-cloveryProTests-resources-${CONFIGURATION}-output-files.xcfilelist",
			);
			runOnlyForDeploymentPostprocessing = 0;
			shellPath = /bin/sh;
			shellScript = "\"${PODS_ROOT}/Target Support Files/Pods-cloveryPro-cloveryProTests/Pods-cloveryPro-cloveryProTests-resources.sh\"\n";
			showEnvVarsInLog = 0;
		};
		869081C3B1628C7B012DE3C4 /* [CP] Embed Pods Frameworks */ = {
			isa = PBXShellScriptBuildPhase;
			buildActionMask = 2147483647;
			files = (
			);
			inputFileListPaths = (
				"${PODS_ROOT}/Target Support Files/Pods-cloveryPro-cloveryProTests/Pods-cloveryPro-cloveryProTests-frameworks-${CONFIGURATION}-input-files.xcfilelist",
			);
			name = "[CP] Embed Pods Frameworks";
			outputFileListPaths = (
				"${PODS_ROOT}/Target Support Files/Pods-cloveryPro-cloveryProTests/Pods-cloveryPro-cloveryProTests-frameworks-${CONFIGURATION}-output-files.xcfilelist",
			);
			runOnlyForDeploymentPostprocessing = 0;
			shellPath = /bin/sh;
			shellScript = "\"${PODS_ROOT}/Target Support Files/Pods-cloveryPro-cloveryProTests/Pods-cloveryPro-cloveryProTests-frameworks.sh\"\n";
			showEnvVarsInLog = 0;
		};
		8D0BFD8938C04AEABEE39643 /* [CP-User] [RNFB] Core Configuration */ = {
			isa = PBXShellScriptBuildPhase;
			buildActionMask = 2147483647;
			files = (
			);
			inputPaths = (
				"$(SRCROOT)/$(BUILT_PRODUCTS_DIR)/$(INFOPLIST_PATH)",
			);
			name = "[CP-User] [RNFB] Core Configuration";
			runOnlyForDeploymentPostprocessing = 0;
			shellPath = /bin/sh;
			shellScript = "#!/usr/bin/env bash\n#\n# Copyright (c) 2016-present Invertase Limited & Contributors\n#\n# Licensed under the Apache License, Version 2.0 (the \"License\");\n# you may not use this library except in compliance with the License.\n# You may obtain a copy of the License at\n#\n#   http://www.apache.org/licenses/LICENSE-2.0\n#\n# Unless required by applicable law or agreed to in writing, software\n# distributed under the License is distributed on an \"AS IS\" BASIS,\n# WITHOUT WARRANTIES OR CONDITIONS OF ANY KIND, either express or implied.\n# See the License for the specific language governing permissions and\n# limitations under the License.\n#\nset -e\n\n_MAX_LOOKUPS=2;\n_SEARCH_RESULT=''\n_RN_ROOT_EXISTS=''\n_CURRENT_LOOKUPS=1\n_JSON_ROOT=\"'react-native'\"\n_JSON_FILE_NAME='firebase.json'\n_JSON_OUTPUT_BASE64='e30=' # { }\n_CURRENT_SEARCH_DIR=${PROJECT_DIR}\n_PLIST_BUDDY=/usr/libexec/PlistBuddy\n_TARGET_PLIST=\"${BUILT_PRODUCTS_DIR}/${INFOPLIST_PATH}\"\n_DSYM_PLIST=\"${DWARF_DSYM_FOLDER_PATH}/${DWARF_DSYM_FILE_NAME}/Contents/Info.plist\"\n\n# plist arrays\n_PLIST_ENTRY_KEYS=()\n_PLIST_ENTRY_TYPES=()\n_PLIST_ENTRY_VALUES=()\n\nfunction setPlistValue {\n  echo \"info:      setting plist entry '$1' of type '$2' in file '$4'\"\n  ${_PLIST_BUDDY} -c \"Add :$1 $2 '$3'\" $4 || echo \"info:      '$1' already exists\"\n}\n\nfunction getFirebaseJsonKeyValue () {\n  if [[ ${_RN_ROOT_EXISTS} ]]; then\n    ruby -e \"require 'rubygems';require 'json'; output=JSON.parse('$1'); puts output[$_JSON_ROOT]['$2']\"\n  else\n    echo \"\"\n  fi;\n}\n\nfunction jsonBoolToYesNo () {\n  if [[ $1 == \"false\" ]]; then\n    echo \"NO\"\n  elif [[ $1 == \"true\" ]]; then\n    echo \"YES\"\n  else echo \"NO\"\n  fi\n}\n\necho \"info: -> RNFB build script started\"\necho \"info: 1) Locating ${_JSON_FILE_NAME} file:\"\n\nif [[ -z ${_CURRENT_SEARCH_DIR} ]]; then\n  _CURRENT_SEARCH_DIR=$(pwd)\nfi;\n\nwhile true; do\n  _CURRENT_SEARCH_DIR=$(dirname \"$_CURRENT_SEARCH_DIR\")\n  if [[ \"$_CURRENT_SEARCH_DIR\" == \"/\" ]] || [[ ${_CURRENT_LOOKUPS} -gt ${_MAX_LOOKUPS} ]]; then break; fi;\n  echo \"info:      ($_CURRENT_LOOKUPS of $_MAX_LOOKUPS) Searching in '$_CURRENT_SEARCH_DIR' for a ${_JSON_FILE_NAME} file.\"\n  _SEARCH_RESULT=$(find \"$_CURRENT_SEARCH_DIR\" -maxdepth 2 -name ${_JSON_FILE_NAME} -print | head -n 1)\n  if [[ ${_SEARCH_RESULT} ]]; then\n    echo \"info:      ${_JSON_FILE_NAME} found at $_SEARCH_RESULT\"\n    break;\n  fi;\n  _CURRENT_LOOKUPS=$((_CURRENT_LOOKUPS+1))\ndone\n\nif [[ ${_SEARCH_RESULT} ]]; then\n  _JSON_OUTPUT_RAW=$(cat \"${_SEARCH_RESULT}\")\n  _RN_ROOT_EXISTS=$(ruby -e \"require 'rubygems';require 'json'; output=JSON.parse('$_JSON_OUTPUT_RAW'); puts output[$_JSON_ROOT]\" || echo '')\n\n  if [[ ${_RN_ROOT_EXISTS} ]]; then\n    _JSON_OUTPUT_BASE64=$(python -c 'import json,sys,base64;print(base64.b64encode(json.dumps(json.loads(open('\"'${_SEARCH_RESULT}'\"').read())['${_JSON_ROOT}'])))' || echo \"e30=\")\n  fi\n\n  _PLIST_ENTRY_KEYS+=(\"firebase_json_raw\")\n  _PLIST_ENTRY_TYPES+=(\"string\")\n  _PLIST_ENTRY_VALUES+=(\"$_JSON_OUTPUT_BASE64\")\n\n  # config.analytics_auto_collection_enabled\n  _ANALYTICS_AUTO_COLLECTION=$(getFirebaseJsonKeyValue \"$_JSON_OUTPUT_RAW\" \"analytics_auto_collection_enabled\")\n  if [[ $_ANALYTICS_AUTO_COLLECTION ]]; then\n    _PLIST_ENTRY_KEYS+=(\"FIREBASE_ANALYTICS_COLLECTION_ENABLED\")\n    _PLIST_ENTRY_TYPES+=(\"bool\")\n    _PLIST_ENTRY_VALUES+=(\"$(jsonBoolToYesNo \"$_ANALYTICS_AUTO_COLLECTION\")\")\n  fi\n\n  # config.perf_auto_collection_enabled\n  _PERF_AUTO_COLLECTION=$(getFirebaseJsonKeyValue \"$_JSON_OUTPUT_RAW\" \"perf_auto_collection_enabled\")\n  if [[ $_PERF_AUTO_COLLECTION ]]; then\n    _PLIST_ENTRY_KEYS+=(\"firebase_performance_collection_enabled\")\n    _PLIST_ENTRY_TYPES+=(\"bool\")\n    _PLIST_ENTRY_VALUES+=(\"$(jsonBoolToYesNo \"$_PERF_AUTO_COLLECTION\")\")\n  fi\n\n  # config.messaging_auto_init_enabled\n  _MESSAGING_AUTO_INIT=$(getFirebaseJsonKeyValue \"$_JSON_OUTPUT_RAW\" \"messaging_auto_init_enabled\")\n  if [[ $_MESSAGING_AUTO_INIT ]]; then\n    _PLIST_ENTRY_KEYS+=(\"FirebaseMessagingAutoInitEnabled\")\n    _PLIST_ENTRY_TYPES+=(\"bool\")\n    _PLIST_ENTRY_VALUES+=(\"$(jsonBoolToYesNo \"$_MESSAGING_AUTO_INIT\")\")\n  fi\n\n  # config.crashlytics_disable_auto_disabler - undocumented for now - mainly for debugging, document if becomes useful\n  _CRASHLYTICS_AUTO_DISABLE_ENABLED=$(getFirebaseJsonKeyValue \"$_JSON_OUTPUT_RAW\" \"crashlytics_disable_auto_disabler\")\n  if [[ $_CRASHLYTICS_AUTO_DISABLE_ENABLED == \"true\" ]]; then\n    echo \"Disabled Crashlytics auto disabler.\" # do nothing\n  else\n    _PLIST_ENTRY_KEYS+=(\"FirebaseCrashlyticsCollectionEnabled\")\n    _PLIST_ENTRY_TYPES+=(\"bool\")\n    _PLIST_ENTRY_VALUES+=(\"NO\")\n  fi\nelse\n  _PLIST_ENTRY_KEYS+=(\"firebase_json_raw\")\n  _PLIST_ENTRY_TYPES+=(\"string\")\n  _PLIST_ENTRY_VALUES+=(\"$_JSON_OUTPUT_BASE64\")\n  echo \"warning:   A firebase.json file was not found, whilst this file is optional it is recommended to include it to configure firebase services in React Native Firebase.\"\nfi;\n\necho \"info: 2) Injecting Info.plist entries: \"\n\n# Log out the keys we're adding\nfor i in \"${!_PLIST_ENTRY_KEYS[@]}\"; do\n  echo \"    ->  $i) ${_PLIST_ENTRY_KEYS[$i]}\" \"${_PLIST_ENTRY_TYPES[$i]}\" \"${_PLIST_ENTRY_VALUES[$i]}\"\ndone\n\nfor plist in \"${_TARGET_PLIST}\" \"${_DSYM_PLIST}\" ; do\n  if [[ -f \"${plist}\" ]]; then\n\n    # paths with spaces break the call to setPlistValue. temporarily modify\n    # the shell internal field separator variable (IFS), which normally\n    # includes spaces, to consist only of line breaks\n    oldifs=$IFS\n    IFS=\"\n\"\n\n    for i in \"${!_PLIST_ENTRY_KEYS[@]}\"; do\n      setPlistValue \"${_PLIST_ENTRY_KEYS[$i]}\" \"${_PLIST_ENTRY_TYPES[$i]}\" \"${_PLIST_ENTRY_VALUES[$i]}\" \"${plist}\"\n    done\n\n    # restore the original internal field separator value\n    IFS=$oldifs\n  else\n    echo \"warning:   A Info.plist build output file was not found (${plist})\"\n  fi\ndone\n\necho \"info: <- RNFB build script finished\"\n";
		};
		9C7DD3C1FA116223FEB900F6 /* [CP] Copy Pods Resources */ = {
			isa = PBXShellScriptBuildPhase;
			buildActionMask = 2147483647;
			files = (
			);
			inputFileListPaths = (
				"${PODS_ROOT}/Target Support Files/Pods-cloveryPro/Pods-cloveryPro-resources-${CONFIGURATION}-input-files.xcfilelist",
			);
			name = "[CP] Copy Pods Resources";
			outputFileListPaths = (
				"${PODS_ROOT}/Target Support Files/Pods-cloveryPro/Pods-cloveryPro-resources-${CONFIGURATION}-output-files.xcfilelist",
			);
			runOnlyForDeploymentPostprocessing = 0;
			shellPath = /bin/sh;
			shellScript = "\"${PODS_ROOT}/Target Support Files/Pods-cloveryPro/Pods-cloveryPro-resources.sh\"\n";
			showEnvVarsInLog = 0;
		};
		CB60543CF9F49F21D6388376 /* [CP] Check Pods Manifest.lock */ = {
			isa = PBXShellScriptBuildPhase;
			buildActionMask = 2147483647;
			files = (
			);
			inputFileListPaths = (
			);
			inputPaths = (
				"${PODS_PODFILE_DIR_PATH}/Podfile.lock",
				"${PODS_ROOT}/Manifest.lock",
			);
			name = "[CP] Check Pods Manifest.lock";
			outputFileListPaths = (
			);
			outputPaths = (
				"$(DERIVED_FILE_DIR)/Pods-cloveryPro-cloveryProTests-checkManifestLockResult.txt",
			);
			runOnlyForDeploymentPostprocessing = 0;
			shellPath = /bin/sh;
			shellScript = "diff \"${PODS_PODFILE_DIR_PATH}/Podfile.lock\" \"${PODS_ROOT}/Manifest.lock\" > /dev/null\nif [ $? != 0 ] ; then\n    # print error to STDERR\n    echo \"error: The sandbox is not in sync with the Podfile.lock. Run 'pod install' or update your CocoaPods installation.\" >&2\n    exit 1\nfi\n# This output is used by Xcode 'outputs' to avoid re-running this script phase.\necho \"SUCCESS\" > \"${SCRIPT_OUTPUT_FILE_0}\"\n";
			showEnvVarsInLog = 0;
		};
		FD10A7F022414F080027D42C /* Start Packager */ = {
			isa = PBXShellScriptBuildPhase;
			buildActionMask = 2147483647;
			files = (
			);
			inputFileListPaths = (
			);
			inputPaths = (
			);
			name = "Start Packager";
			outputFileListPaths = (
			);
			outputPaths = (
			);
			runOnlyForDeploymentPostprocessing = 0;
			shellPath = /bin/sh;
			shellScript = "export RCT_METRO_PORT=\"${RCT_METRO_PORT:=8081}\"\necho \"export RCT_METRO_PORT=${RCT_METRO_PORT}\" > \"${SRCROOT}/../node_modules/react-native/scripts/.packager.env\"\nif [ -z \"${RCT_NO_LAUNCH_PACKAGER+xxx}\" ] ; then\n  if nc -w 5 -z localhost ${RCT_METRO_PORT} ; then\n    if ! curl -s \"http://localhost:${RCT_METRO_PORT}/status\" | grep -q \"packager-status:running\" ; then\n      echo \"Port ${RCT_METRO_PORT} already in use, packager is either not running or not running correctly\"\n      exit 2\n    fi\n  else\n    open \"$SRCROOT/../node_modules/react-native/scripts/launchPackager.command\" || echo \"Can't start packager automatically\"\n  fi\nfi\n";
			showEnvVarsInLog = 0;
		};
/* End PBXShellScriptBuildPhase section */

/* Begin PBXSourcesBuildPhase section */
		00E356EA1AD99517003FC87E /* Sources */ = {
			isa = PBXSourcesBuildPhase;
			buildActionMask = 2147483647;
			files = (
				00E356F31AD99517003FC87E /* cloveryProTests.m in Sources */,
			);
			runOnlyForDeploymentPostprocessing = 0;
		};
		13B07F871A680F5B00A75B9A /* Sources */ = {
			isa = PBXSourcesBuildPhase;
			buildActionMask = 2147483647;
			files = (
				13B07FBC1A68108700A75B9A /* AppDelegate.m in Sources */,
				13B07FC11A68108700A75B9A /* main.m in Sources */,
			);
			runOnlyForDeploymentPostprocessing = 0;
		};
/* End PBXSourcesBuildPhase section */

/* Begin PBXTargetDependency section */
		00E356F51AD99517003FC87E /* PBXTargetDependency */ = {
			isa = PBXTargetDependency;
			target = 13B07F861A680F5B00A75B9A /* cloveryPro */;
			targetProxy = 00E356F41AD99517003FC87E /* PBXContainerItemProxy */;
		};
/* End PBXTargetDependency section */

/* Begin XCBuildConfiguration section */
		00E356F61AD99517003FC87E /* Debug */ = {
			isa = XCBuildConfiguration;
			baseConfigurationReference = 998917AD556F4F555893889A /* Pods-cloveryPro-cloveryProTests.debug.xcconfig */;
			buildSettings = {
				BUNDLE_LOADER = "$(TEST_HOST)";
				DEVELOPMENT_TEAM = 3858KEHV22;
				GCC_PREPROCESSOR_DEFINITIONS = (
					"DEBUG=1",
					"$(inherited)",
				);
				INFOPLIST_FILE = cloveryProTests/Info.plist;
				IPHONEOS_DEPLOYMENT_TARGET = 10.0;
				LD_RUNPATH_SEARCH_PATHS = (
					"$(inherited)",
					"@executable_path/Frameworks",
					"@loader_path/Frameworks",
				);
				OTHER_LDFLAGS = (
					"-ObjC",
					"-lc++",
					"$(inherited)",
				);
				PRODUCT_BUNDLE_IDENTIFIER = "org.reactjs.native.example.$(PRODUCT_NAME:rfc1034identifier)";
				PRODUCT_NAME = "$(TARGET_NAME)";
				TEST_HOST = "$(BUILT_PRODUCTS_DIR)/cloveryPro.app/cloveryPro";
			};
			name = Debug;
		};
		00E356F71AD99517003FC87E /* Release */ = {
			isa = XCBuildConfiguration;
			baseConfigurationReference = 1EF3428A9CFE7184E1CD4924 /* Pods-cloveryPro-cloveryProTests.release.xcconfig */;
			buildSettings = {
				BUNDLE_LOADER = "$(TEST_HOST)";
				COPY_PHASE_STRIP = NO;
				DEVELOPMENT_TEAM = 3858KEHV22;
				INFOPLIST_FILE = cloveryProTests/Info.plist;
				IPHONEOS_DEPLOYMENT_TARGET = 10.0;
				LD_RUNPATH_SEARCH_PATHS = (
					"$(inherited)",
					"@executable_path/Frameworks",
					"@loader_path/Frameworks",
				);
				OTHER_LDFLAGS = (
					"-ObjC",
					"-lc++",
					"$(inherited)",
				);
				PRODUCT_BUNDLE_IDENTIFIER = "org.reactjs.native.example.$(PRODUCT_NAME:rfc1034identifier)";
				PRODUCT_NAME = "$(TARGET_NAME)";
				TEST_HOST = "$(BUILT_PRODUCTS_DIR)/cloveryPro.app/cloveryPro";
			};
			name = Release;
		};
		13B07F941A680F5B00A75B9A /* Debug */ = {
			isa = XCBuildConfiguration;
			baseConfigurationReference = DF405CC614F56235AB5E949C /* Pods-cloveryPro.debug.xcconfig */;
			buildSettings = {
				ASSETCATALOG_COMPILER_APPICON_NAME = AppIcon;
				CLANG_ENABLE_MODULES = YES;
				CURRENT_PROJECT_VERSION = 1;
				DEVELOPMENT_TEAM = 3858KEHV22;
				ENABLE_BITCODE = NO;
				INFOPLIST_FILE = cloveryPro/Info.plist;
				LD_RUNPATH_SEARCH_PATHS = (
					"$(inherited)",
					"@executable_path/Frameworks",
				);
				OTHER_LDFLAGS = (
					"$(inherited)",
					"-ObjC",
					"-lc++",
				);
				PRODUCT_BUNDLE_IDENTIFIER = "org.reactjs.native.example.$(PRODUCT_NAME:rfc1034identifier)";
				PRODUCT_NAME = cloveryPro;
				SWIFT_OPTIMIZATION_LEVEL = "-Onone";
				SWIFT_VERSION = 5.0;
				TARGETED_DEVICE_FAMILY = "1,2";
				VERSIONING_SYSTEM = "apple-generic";
			};
			name = Debug;
		};
		13B07F951A680F5B00A75B9A /* Release */ = {
			isa = XCBuildConfiguration;
			baseConfigurationReference = 4FFAC7466866E6A74BC76B03 /* Pods-cloveryPro.release.xcconfig */;
			buildSettings = {
				ASSETCATALOG_COMPILER_APPICON_NAME = AppIcon;
				CLANG_ENABLE_MODULES = YES;
				CURRENT_PROJECT_VERSION = 1;
				DEVELOPMENT_TEAM = 3858KEHV22;
				INFOPLIST_FILE = cloveryPro/Info.plist;
				LD_RUNPATH_SEARCH_PATHS = (
					"$(inherited)",
					"@executable_path/Frameworks",
				);
				OTHER_LDFLAGS = (
					"$(inherited)",
					"-ObjC",
					"-lc++",
				);
				PRODUCT_BUNDLE_IDENTIFIER = "org.reactjs.native.example.$(PRODUCT_NAME:rfc1034identifier)";
				PRODUCT_NAME = cloveryPro;
				SWIFT_VERSION = 5.0;
				TARGETED_DEVICE_FAMILY = "1,2";
				VERSIONING_SYSTEM = "apple-generic";
			};
			name = Release;
		};
		83CBBA201A601CBA00E9B192 /* Debug */ = {
			isa = XCBuildConfiguration;
			buildSettings = {
				ALWAYS_SEARCH_USER_PATHS = NO;
				CLANG_ANALYZER_LOCALIZABILITY_NONLOCALIZED = YES;
				CLANG_CXX_LANGUAGE_STANDARD = "gnu++0x";
				CLANG_CXX_LIBRARY = "libc++";
				CLANG_ENABLE_MODULES = YES;
				CLANG_ENABLE_OBJC_ARC = YES;
				CLANG_WARN_BLOCK_CAPTURE_AUTORELEASING = YES;
				CLANG_WARN_BOOL_CONVERSION = YES;
				CLANG_WARN_COMMA = YES;
				CLANG_WARN_CONSTANT_CONVERSION = YES;
				CLANG_WARN_DEPRECATED_OBJC_IMPLEMENTATIONS = YES;
				CLANG_WARN_DIRECT_OBJC_ISA_USAGE = YES_ERROR;
				CLANG_WARN_EMPTY_BODY = YES;
				CLANG_WARN_ENUM_CONVERSION = YES;
				CLANG_WARN_INFINITE_RECURSION = YES;
				CLANG_WARN_INT_CONVERSION = YES;
				CLANG_WARN_NON_LITERAL_NULL_CONVERSION = YES;
				CLANG_WARN_OBJC_IMPLICIT_RETAIN_SELF = YES;
				CLANG_WARN_OBJC_LITERAL_CONVERSION = YES;
				CLANG_WARN_OBJC_ROOT_CLASS = YES_ERROR;
				CLANG_WARN_QUOTED_INCLUDE_IN_FRAMEWORK_HEADER = YES;
				CLANG_WARN_RANGE_LOOP_ANALYSIS = YES;
				CLANG_WARN_STRICT_PROTOTYPES = YES;
				CLANG_WARN_SUSPICIOUS_MOVE = YES;
				CLANG_WARN_UNREACHABLE_CODE = YES;
				CLANG_WARN__DUPLICATE_METHOD_MATCH = YES;
				"CODE_SIGN_IDENTITY[sdk=iphoneos*]" = "iPhone Developer";
				COPY_PHASE_STRIP = NO;
				ENABLE_STRICT_OBJC_MSGSEND = YES;
				ENABLE_TESTABILITY = YES;
				"EXCLUDED_ARCHS[sdk=iphonesimulator*]" = "arm64 ";
				GCC_C_LANGUAGE_STANDARD = gnu99;
				GCC_DYNAMIC_NO_PIC = NO;
				GCC_NO_COMMON_BLOCKS = YES;
				GCC_OPTIMIZATION_LEVEL = 0;
				GCC_PREPROCESSOR_DEFINITIONS = (
					"DEBUG=1",
					"$(inherited)",
				);
				GCC_SYMBOLS_PRIVATE_EXTERN = NO;
				GCC_WARN_64_TO_32_BIT_CONVERSION = YES;
				GCC_WARN_ABOUT_RETURN_TYPE = YES_ERROR;
				GCC_WARN_UNDECLARED_SELECTOR = YES;
				GCC_WARN_UNINITIALIZED_AUTOS = YES_AGGRESSIVE;
				GCC_WARN_UNUSED_FUNCTION = YES;
				GCC_WARN_UNUSED_VARIABLE = YES;
				IPHONEOS_DEPLOYMENT_TARGET = 10.0;
				LD_RUNPATH_SEARCH_PATHS = (
					/usr/lib/swift,
					"$(inherited)",
				);
				LIBRARY_SEARCH_PATHS = (
					"\"$(TOOLCHAIN_DIR)/usr/lib/swift/$(PLATFORM_NAME)\"",
					"\"$(TOOLCHAIN_DIR)/usr/lib/swift-5.0/$(PLATFORM_NAME)\"",
					"\"$(inherited)\"",
				);
				MTL_ENABLE_DEBUG_INFO = YES;
				ONLY_ACTIVE_ARCH = YES;
				SDKROOT = iphoneos;
			};
			name = Debug;
		};
		83CBBA211A601CBA00E9B192 /* Release */ = {
			isa = XCBuildConfiguration;
			buildSettings = {
				ALWAYS_SEARCH_USER_PATHS = NO;
				CLANG_ANALYZER_LOCALIZABILITY_NONLOCALIZED = YES;
				CLANG_CXX_LANGUAGE_STANDARD = "gnu++0x";
				CLANG_CXX_LIBRARY = "libc++";
				CLANG_ENABLE_MODULES = YES;
				CLANG_ENABLE_OBJC_ARC = YES;
				CLANG_WARN_BLOCK_CAPTURE_AUTORELEASING = YES;
				CLANG_WARN_BOOL_CONVERSION = YES;
				CLANG_WARN_COMMA = YES;
				CLANG_WARN_CONSTANT_CONVERSION = YES;
				CLANG_WARN_DEPRECATED_OBJC_IMPLEMENTATIONS = YES;
				CLANG_WARN_DIRECT_OBJC_ISA_USAGE = YES_ERROR;
				CLANG_WARN_EMPTY_BODY = YES;
				CLANG_WARN_ENUM_CONVERSION = YES;
				CLANG_WARN_INFINITE_RECURSION = YES;
				CLANG_WARN_INT_CONVERSION = YES;
				CLANG_WARN_NON_LITERAL_NULL_CONVERSION = YES;
				CLANG_WARN_OBJC_IMPLICIT_RETAIN_SELF = YES;
				CLANG_WARN_OBJC_LITERAL_CONVERSION = YES;
				CLANG_WARN_OBJC_ROOT_CLASS = YES_ERROR;
				CLANG_WARN_QUOTED_INCLUDE_IN_FRAMEWORK_HEADER = YES;
				CLANG_WARN_RANGE_LOOP_ANALYSIS = YES;
				CLANG_WARN_STRICT_PROTOTYPES = YES;
				CLANG_WARN_SUSPICIOUS_MOVE = YES;
				CLANG_WARN_UNREACHABLE_CODE = YES;
				CLANG_WARN__DUPLICATE_METHOD_MATCH = YES;
				"CODE_SIGN_IDENTITY[sdk=iphoneos*]" = "iPhone Developer";
				COPY_PHASE_STRIP = YES;
				ENABLE_NS_ASSERTIONS = NO;
				ENABLE_STRICT_OBJC_MSGSEND = YES;
				"EXCLUDED_ARCHS[sdk=iphonesimulator*]" = "arm64 ";
				GCC_C_LANGUAGE_STANDARD = gnu99;
				GCC_NO_COMMON_BLOCKS = YES;
				GCC_WARN_64_TO_32_BIT_CONVERSION = YES;
				GCC_WARN_ABOUT_RETURN_TYPE = YES_ERROR;
				GCC_WARN_UNDECLARED_SELECTOR = YES;
				GCC_WARN_UNINITIALIZED_AUTOS = YES_AGGRESSIVE;
				GCC_WARN_UNUSED_FUNCTION = YES;
				GCC_WARN_UNUSED_VARIABLE = YES;
				IPHONEOS_DEPLOYMENT_TARGET = 10.0;
				LD_RUNPATH_SEARCH_PATHS = (
					/usr/lib/swift,
					"$(inherited)",
				);
				LIBRARY_SEARCH_PATHS = (
					"\"$(TOOLCHAIN_DIR)/usr/lib/swift/$(PLATFORM_NAME)\"",
					"\"$(TOOLCHAIN_DIR)/usr/lib/swift-5.0/$(PLATFORM_NAME)\"",
					"\"$(inherited)\"",
				);
				MTL_ENABLE_DEBUG_INFO = NO;
				SDKROOT = iphoneos;
				VALIDATE_PRODUCT = YES;
			};
			name = Release;
		};
/* End XCBuildConfiguration section */

/* Begin XCConfigurationList section */
		00E357021AD99517003FC87E /* Build configuration list for PBXNativeTarget "cloveryProTests" */ = {
			isa = XCConfigurationList;
			buildConfigurations = (
				00E356F61AD99517003FC87E /* Debug */,
				00E356F71AD99517003FC87E /* Release */,
			);
			defaultConfigurationIsVisible = 0;
			defaultConfigurationName = Release;
		};
		13B07F931A680F5B00A75B9A /* Build configuration list for PBXNativeTarget "cloveryPro" */ = {
			isa = XCConfigurationList;
			buildConfigurations = (
				13B07F941A680F5B00A75B9A /* Debug */,
				13B07F951A680F5B00A75B9A /* Release */,
			);
			defaultConfigurationIsVisible = 0;
			defaultConfigurationName = Release;
		};
		83CBB9FA1A601CBA00E9B192 /* Build configuration list for PBXProject "cloveryPro" */ = {
			isa = XCConfigurationList;
			buildConfigurations = (
				83CBBA201A601CBA00E9B192 /* Debug */,
				83CBBA211A601CBA00E9B192 /* Release */,
			);
			defaultConfigurationIsVisible = 0;
			defaultConfigurationName = Release;
		};
/* End XCConfigurationList section */
	};
	rootObject = 83CBB9F71A601CBA00E9B192 /* Project object */;
}
